// !$*UTF8*$!
{
	archiveVersion = 1;
	classes = {
	};
	objectVersion = 50;
	objects = {

/* Begin PBXBuildFile section */
		A249A978275E592900E35341 /* .gitignore in Resources */ = {isa = PBXBuildFile; fileRef = A249A977275E592900E35341 /* .gitignore */; };
		A249A97A275E59E800E35341 /* DataStoreManager.swift in Sources */ = {isa = PBXBuildFile; fileRef = A249A979275E59E800E35341 /* DataStoreManager.swift */; };
		A2625913275D2E5200448D77 /* AppDelegate.swift in Sources */ = {isa = PBXBuildFile; fileRef = A2625912275D2E5200448D77 /* AppDelegate.swift */; };
		A2625915275D2E5200448D77 /* SceneDelegate.swift in Sources */ = {isa = PBXBuildFile; fileRef = A2625914275D2E5200448D77 /* SceneDelegate.swift */; };
		A2625917275D2E5200448D77 /* ViewController.swift in Sources */ = {isa = PBXBuildFile; fileRef = A2625916275D2E5200448D77 /* ViewController.swift */; };
		A262591A275D2E5200448D77 /* Main.storyboard in Resources */ = {isa = PBXBuildFile; fileRef = A2625918275D2E5200448D77 /* Main.storyboard */; };
		A262591D275D2E5200448D77 /* CoreDataExample.xcdatamodeld in Sources */ = {isa = PBXBuildFile; fileRef = A262591B275D2E5200448D77 /* CoreDataExample.xcdatamodeld */; };
		A262591F275D2E5300448D77 /* Assets.xcassets in Resources */ = {isa = PBXBuildFile; fileRef = A262591E275D2E5300448D77 /* Assets.xcassets */; };
		A2625922275D2E5300448D77 /* LaunchScreen.storyboard in Resources */ = {isa = PBXBuildFile; fileRef = A2625920275D2E5300448D77 /* LaunchScreen.storyboard */; };
		A262592D275D33BC00448D77 /* User+CoreDataClass.swift in Sources */ = {isa = PBXBuildFile; fileRef = A2625929275D33BC00448D77 /* User+CoreDataClass.swift */; };
		A262592F275D33BC00448D77 /* Company+CoreDataClass.swift in Sources */ = {isa = PBXBuildFile; fileRef = A262592B275D33BC00448D77 /* Company+CoreDataClass.swift */; };
		A2625930275D33BC00448D77 /* Company+CoreDataProperties.swift in Sources */ = {isa = PBXBuildFile; fileRef = A262592C275D33BC00448D77 /* Company+CoreDataProperties.swift */; };
		A2669D352764875300E323C4 /* User+CoreDataProperties.swift in Sources */ = {isa = PBXBuildFile; fileRef = A2669D342764875300E323C4 /* User+CoreDataProperties.swift */; };
/* End PBXBuildFile section */

/* Begin PBXFileReference section */
		A249A977275E592900E35341 /* .gitignore */ = {isa = PBXFileReference; lastKnownFileType = text; path = .gitignore; sourceTree = "<group>"; };
		A249A979275E59E800E35341 /* DataStoreManager.swift */ = {isa = PBXFileReference; lastKnownFileType = sourcecode.swift; path = DataStoreManager.swift; sourceTree = "<group>"; };
		A262590F275D2E5200448D77 /* CoreDataExample.app */ = {isa = PBXFileReference; explicitFileType = wrapper.application; includeInIndex = 0; path = CoreDataExample.app; sourceTree = BUILT_PRODUCTS_DIR; };
		A2625912275D2E5200448D77 /* AppDelegate.swift */ = {isa = PBXFileReference; lastKnownFileType = sourcecode.swift; path = AppDelegate.swift; sourceTree = "<group>"; };
		A2625914275D2E5200448D77 /* SceneDelegate.swift */ = {isa = PBXFileReference; lastKnownFileType = sourcecode.swift; path = SceneDelegate.swift; sourceTree = "<group>"; };
		A2625916275D2E5200448D77 /* ViewController.swift */ = {isa = PBXFileReference; lastKnownFileType = sourcecode.swift; path = ViewController.swift; sourceTree = "<group>"; };
		A2625919275D2E5200448D77 /* Base */ = {isa = PBXFileReference; lastKnownFileType = file.storyboard; name = Base; path = Base.lproj/Main.storyboard; sourceTree = "<group>"; };
		A262591C275D2E5200448D77 /* CoreDataExample.xcdatamodel */ = {isa = PBXFileReference; lastKnownFileType = wrapper.xcdatamodel; path = CoreDataExample.xcdatamodel; sourceTree = "<group>"; };
		A262591E275D2E5300448D77 /* Assets.xcassets */ = {isa = PBXFileReference; lastKnownFileType = folder.assetcatalog; path = Assets.xcassets; sourceTree = "<group>"; };
		A2625921275D2E5300448D77 /* Base */ = {isa = PBXFileReference; lastKnownFileType = file.storyboard; name = Base; path = Base.lproj/LaunchScreen.storyboard; sourceTree = "<group>"; };
		A2625923275D2E5300448D77 /* Info.plist */ = {isa = PBXFileReference; lastKnownFileType = text.plist.xml; path = Info.plist; sourceTree = "<group>"; };
		A2625929275D33BC00448D77 /* User+CoreDataClass.swift */ = {isa = PBXFileReference; lastKnownFileType = sourcecode.swift; path = "User+CoreDataClass.swift"; sourceTree = "<group>"; };
		A262592B275D33BC00448D77 /* Company+CoreDataClass.swift */ = {isa = PBXFileReference; lastKnownFileType = sourcecode.swift; path = "Company+CoreDataClass.swift"; sourceTree = "<group>"; };
		A262592C275D33BC00448D77 /* Company+CoreDataProperties.swift */ = {isa = PBXFileReference; lastKnownFileType = sourcecode.swift; path = "Company+CoreDataProperties.swift"; sourceTree = "<group>"; };
		A2669D342764875300E323C4 /* User+CoreDataProperties.swift */ = {isa = PBXFileReference; lastKnownFileType = sourcecode.swift; path = "User+CoreDataProperties.swift"; sourceTree = "<group>"; };
/* End PBXFileReference section */

/* Begin PBXFrameworksBuildPhase section */
		A262590C275D2E5200448D77 /* Frameworks */ = {
			isa = PBXFrameworksBuildPhase;
			buildActionMask = 2147483647;
			files = (
			);
			runOnlyForDeploymentPostprocessing = 0;
		};
/* End PBXFrameworksBuildPhase section */

/* Begin PBXGroup section */
		A249A976275E564E00E35341 /* Models */ = {
			isa = PBXGroup;
			children = (
				A2625929275D33BC00448D77 /* User+CoreDataClass.swift */,
				A2669D342764875300E323C4 /* User+CoreDataProperties.swift */,
				A262592B275D33BC00448D77 /* Company+CoreDataClass.swift */,
				A262592C275D33BC00448D77 /* Company+CoreDataProperties.swift */,
			);
			path = Models;
			sourceTree = "<group>";
		};
		A2625906275D2E5200448D77 = {
			isa = PBXGroup;
			children = (
				A249A977275E592900E35341 /* .gitignore */,
				A2625911275D2E5200448D77 /* CoreDataExample */,
				A2625910275D2E5200448D77 /* Products */,
			);
			sourceTree = "<group>";
		};
		A2625910275D2E5200448D77 /* Products */ = {
			isa = PBXGroup;
			children = (
				A262590F275D2E5200448D77 /* CoreDataExample.app */,
			);
			name = Products;
			sourceTree = "<group>";
		};
		A2625911275D2E5200448D77 /* CoreDataExample */ = {
			isa = PBXGroup;
			children = (
				A249A976275E564E00E35341 /* Models */,
				A2625912275D2E5200448D77 /* AppDelegate.swift */,
				A2625914275D2E5200448D77 /* SceneDelegate.swift */,
				A249A979275E59E800E35341 /* DataStoreManager.swift */,
				A2625916275D2E5200448D77 /* ViewController.swift */,
				A2625918275D2E5200448D77 /* Main.storyboard */,
				A262591E275D2E5300448D77 /* Assets.xcassets */,
				A2625920275D2E5300448D77 /* LaunchScreen.storyboard */,
				A2625923275D2E5300448D77 /* Info.plist */,
				A262591B275D2E5200448D77 /* CoreDataExample.xcdatamodeld */,
			);
			path = CoreDataExample;
			sourceTree = "<group>";
		};
/* End PBXGroup section */

/* Begin PBXNativeTarget section */
		A262590E275D2E5200448D77 /* CoreDataExample */ = {
			isa = PBXNativeTarget;
			buildConfigurationList = A2625926275D2E5300448D77 /* Build configuration list for PBXNativeTarget "CoreDataExample" */;
			buildPhases = (
				A262590B275D2E5200448D77 /* Sources */,
				A262590C275D2E5200448D77 /* Frameworks */,
				A262590D275D2E5200448D77 /* Resources */,
			);
			buildRules = (
			);
			dependencies = (
			);
			name = CoreDataExample;
			productName = CoreDataExample;
			productReference = A262590F275D2E5200448D77 /* CoreDataExample.app */;
			productType = "com.apple.product-type.application";
		};
/* End PBXNativeTarget section */

/* Begin PBXProject section */
		A2625907275D2E5200448D77 /* Project object */ = {
			isa = PBXProject;
			attributes = {
				LastSwiftUpdateCheck = 1250;
				LastUpgradeCheck = 1250;
				TargetAttributes = {
					A262590E275D2E5200448D77 = {
						CreatedOnToolsVersion = 12.5;
					};
				};
			};
			buildConfigurationList = A262590A275D2E5200448D77 /* Build configuration list for PBXProject "CoreDataExample" */;
			compatibilityVersion = "Xcode 9.3";
			developmentRegion = en;
			hasScannedForEncodings = 0;
			knownRegions = (
				en,
				Base,
			);
			mainGroup = A2625906275D2E5200448D77;
			productRefGroup = A2625910275D2E5200448D77 /* Products */;
			projectDirPath = "";
			projectRoot = "";
			targets = (
				A262590E275D2E5200448D77 /* CoreDataExample */,
			);
		};
/* End PBXProject section */

/* Begin PBXResourcesBuildPhase section */
		A262590D275D2E5200448D77 /* Resources */ = {
			isa = PBXResourcesBuildPhase;
			buildActionMask = 2147483647;
			files = (
				A249A978275E592900E35341 /* .gitignore in Resources */,
				A2625922275D2E5300448D77 /* LaunchScreen.storyboard in Resources */,
				A262591F275D2E5300448D77 /* Assets.xcassets in Resources */,
				A262591A275D2E5200448D77 /* Main.storyboard in Resources */,
			);
			runOnlyForDeploymentPostprocessing = 0;
		};
/* End PBXResourcesBuildPhase section */

/* Begin PBXSourcesBuildPhase section */
		A262590B275D2E5200448D77 /* Sources */ = {
			isa = PBXSourcesBuildPhase;
			buildActionMask = 2147483647;
			files = (
				A2625917275D2E5200448D77 /* ViewController.swift in Sources */,
				A2625913275D2E5200448D77 /* AppDelegate.swift in Sources */,
				A2625930275D33BC00448D77 /* Company+CoreDataProperties.swift in Sources */,
				A2625915275D2E5200448D77 /* SceneDelegate.swift in Sources */,
				A262591D275D2E5200448D77 /* CoreDataExample.xcdatamodeld in Sources */,
				A262592F275D33BC00448D77 /* Company+CoreDataClass.swift in Sources */,
				A262592D275D33BC00448D77 /* User+CoreDataClass.swift in Sources */,
				A2669D352764875300E323C4 /* User+CoreDataProperties.swift in Sources */,
				A249A97A275E59E800E35341 /* DataStoreManager.swift in Sources */,
			);
			runOnlyForDeploymentPostprocessing = 0;
		};
/* End PBXSourcesBuildPhase section */

/* Begin PBXVariantGroup section */
		A2625918275D2E5200448D77 /* Main.storyboard */ = {
			isa = PBXVariantGroup;
			children = (
				A2625919275D2E5200448D77 /* Base */,
			);
			name = Main.storyboard;
			sourceTree = "<group>";
		};
		A2625920275D2E5300448D77 /* LaunchScreen.storyboard */ = {
			isa = PBXVariantGroup;
			children = (
				A2625921275D2E5300448D77 /* Base */,
			);
			name = LaunchScreen.storyboard;
			sourceTree = "<group>";
		};
/* End PBXVariantGroup section */

/* Begin XCBuildConfiguration section */
		A2625924275D2E5300448D77 /* Debug */ = {
			isa = XCBuildConfiguration;
			buildSettings = {
				ALWAYS_SEARCH_USER_PATHS = NO;
				CLANG_ANALYZER_NONNULL = YES;
				CLANG_ANALYZER_NUMBER_OBJECT_CONVERSION = YES_AGGRESSIVE;
				CLANG_CXX_LANGUAGE_STANDARD = "gnu++14";
				CLANG_CXX_LIBRARY = "libc++";
				CLANG_ENABLE_MODULES = YES;
				CLANG_ENABLE_OBJC_ARC = YES;
				CLANG_ENABLE_OBJC_WEAK = YES;
				CLANG_WARN_BLOCK_CAPTURE_AUTORELEASING = YES;
				CLANG_WARN_BOOL_CONVERSION = YES;
				CLANG_WARN_COMMA = YES;
				CLANG_WARN_CONSTANT_CONVERSION = YES;
				CLANG_WARN_DEPRECATED_OBJC_IMPLEMENTATIONS = YES;
				CLANG_WARN_DIRECT_OBJC_ISA_USAGE = YES_ERROR;
				CLANG_WARN_DOCUMENTATION_COMMENTS = YES;
				CLANG_WARN_EMPTY_BODY = YES;
				CLANG_WARN_ENUM_CONVERSION = YES;
				CLANG_WARN_INFINITE_RECURSION = YES;
				CLANG_WARN_INT_CONVERSION = YES;
				CLANG_WARN_NON_LITERAL_NULL_CONVERSION = YES;
				CLANG_WARN_OBJC_IMPLICIT_RETAIN_SELF = YES;
				CLANG_WARN_OBJC_LITERAL_CONVERSION = YES;
				CLANG_WARN_OBJC_ROOT_CLASS = YES_ERROR;
				CLANG_WARN_QUOTED_INCLUDE_IN_FRAMEWORK_HEADER = YES;
				CLANG_WARN_RANGE_LOOP_ANALYSIS = YES;
				CLANG_WARN_STRICT_PROTOTYPES = YES;
				CLANG_WARN_SUSPICIOUS_MOVE = YES;
				CLANG_WARN_UNGUARDED_AVAILABILITY = YES_AGGRESSIVE;
				CLANG_WARN_UNREACHABLE_CODE = YES;
				CLANG_WARN__DUPLICATE_METHOD_MATCH = YES;
				COPY_PHASE_STRIP = NO;
				DEBUG_INFORMATION_FORMAT = dwarf;
				ENABLE_STRICT_OBJC_MSGSEND = YES;
				ENABLE_TESTABILITY = YES;
				GCC_C_LANGUAGE_STANDARD = gnu11;
				GCC_DYNAMIC_NO_PIC = NO;
				GCC_NO_COMMON_BLOCKS = YES;
				GCC_OPTIMIZATION_LEVEL = 0;
				GCC_PREPROCESSOR_DEFINITIONS = (
					"DEBUG=1",
					"$(inherited)",
				);
				GCC_WARN_64_TO_32_BIT_CONVERSION = YES;
				GCC_WARN_ABOUT_RETURN_TYPE = YES_ERROR;
				GCC_WARN_UNDECLARED_SELECTOR = YES;
				GCC_WARN_UNINITIALIZED_AUTOS = YES_AGGRESSIVE;
				GCC_WARN_UNUSED_FUNCTION = YES;
				GCC_WARN_UNUSED_VARIABLE = YES;
				IPHONEOS_DEPLOYMENT_TARGET = 14.5;
				MTL_ENABLE_DEBUG_INFO = INCLUDE_SOURCE;
				MTL_FAST_MATH = YES;
				ONLY_ACTIVE_ARCH = YES;
				SDKROOT = iphoneos;
				SWIFT_ACTIVE_COMPILATION_CONDITIONS = DEBUG;
				SWIFT_OPTIMIZATION_LEVEL = "-Onone";
			};
			name = Debug;
		};
		A2625925275D2E5300448D77 /* Release */ = {
			isa = XCBuildConfiguration;
			buildSettings = {
				ALWAYS_SEARCH_USER_PATHS = NO;
				CLANG_ANALYZER_NONNULL = YES;
				CLANG_ANALYZER_NUMBER_OBJECT_CONVERSION = YES_AGGRESSIVE;
				CLANG_CXX_LANGUAGE_STANDARD = "gnu++14";
				CLANG_CXX_LIBRARY = "libc++";
				CLANG_ENABLE_MODULES = YES;
				CLANG_ENABLE_OBJC_ARC = YES;
				CLANG_ENABLE_OBJC_WEAK = YES;
				CLANG_WARN_BLOCK_CAPTURE_AUTORELEASING = YES;
				CLANG_WARN_BOOL_CONVERSION = YES;
				CLANG_WARN_COMMA = YES;
				CLANG_WARN_CONSTANT_CONVERSION = YES;
				CLANG_WARN_DEPRECATED_OBJC_IMPLEMENTATIONS = YES;
				CLANG_WARN_DIRECT_OBJC_ISA_USAGE = YES_ERROR;
				CLANG_WARN_DOCUMENTATION_COMMENTS = YES;
				CLANG_WARN_EMPTY_BODY = YES;
				CLANG_WARN_ENUM_CONVERSION = YES;
				CLANG_WARN_INFINITE_RECURSION = YES;
				CLANG_WARN_INT_CONVERSION = YES;
				CLANG_WARN_NON_LITERAL_NULL_CONVERSION = YES;
				CLANG_WARN_OBJC_IMPLICIT_RETAIN_SELF = YES;
				CLANG_WARN_OBJC_LITERAL_CONVERSION = YES;
				CLANG_WARN_OBJC_ROOT_CLASS = YES_ERROR;
				CLANG_WARN_QUOTED_INCLUDE_IN_FRAMEWORK_HEADER = YES;
				CLANG_WARN_RANGE_LOOP_ANALYSIS = YES;
				CLANG_WARN_STRICT_PROTOTYPES = YES;
				CLANG_WARN_SUSPICIOUS_MOVE = YES;
				CLANG_WARN_UNGUARDED_AVAILABILITY = YES_AGGRESSIVE;
				CLANG_WARN_UNREACHABLE_CODE = YES;
				CLANG_WARN__DUPLICATE_METHOD_MATCH = YES;
				COPY_PHASE_STRIP = NO;
				DEBUG_INFORMATION_FORMAT = "dwarf-with-dsym";
				ENABLE_NS_ASSERTIONS = NO;
				ENABLE_STRICT_OBJC_MSGSEND = YES;
				GCC_C_LANGUAGE_STANDARD = gnu11;
				GCC_NO_COMMON_BLOCKS = YES;
				GCC_WARN_64_TO_32_BIT_CONVERSION = YES;
				GCC_WARN_ABOUT_RETURN_TYPE = YES_ERROR;
				GCC_WARN_UNDECLARED_SELECTOR = YES;
				GCC_WARN_UNINITIALIZED_AUTOS = YES_AGGRESSIVE;
				GCC_WARN_UNUSED_FUNCTION = YES;
				GCC_WARN_UNUSED_VARIABLE = YES;
				IPHONEOS_DEPLOYMENT_TARGET = 14.5;
				MTL_ENABLE_DEBUG_INFO = NO;
				MTL_FAST_MATH = YES;
				SDKROOT = iphoneos;
				SWIFT_COMPILATION_MODE = wholemodule;
				SWIFT_OPTIMIZATION_LEVEL = "-O";
				VALIDATE_PRODUCT = YES;
			};
			name = Release;
		};
		A2625927275D2E5300448D77 /* Debug */ = {
			isa = XCBuildConfiguration;
			buildSettings = {
				ASSETCATALOG_COMPILER_APPICON_NAME = AppIcon;
				ASSETCATALOG_COMPILER_GLOBAL_ACCENT_COLOR_NAME = AccentColor;
				CODE_SIGN_STYLE = Automatic;
				DEVELOPMENT_TEAM = U3JHK4U826;
				INFOPLIST_FILE = CoreDataExample/Info.plist;
				LD_RUNPATH_SEARCH_PATHS = (
					"$(inherited)",
					"@executable_path/Frameworks",
				);
				PRODUCT_BUNDLE_IDENTIFIER = YeoCompany.CoreDataExample;
				PRODUCT_NAME = "$(TARGET_NAME)";
				SWIFT_VERSION = 5.0;
				TARGETED_DEVICE_FAMILY = "1,2";
			};
			name = Debug;
		};
		A2625928275D2E5300448D77 /* Release */ = {
			isa = XCBuildConfiguration;
			buildSettings = {
				ASSETCATALOG_COMPILER_APPICON_NAME = AppIcon;
				ASSETCATALOG_COMPILER_GLOBAL_ACCENT_COLOR_NAME = AccentColor;
				CODE_SIGN_STYLE = Automatic;
				DEVELOPMENT_TEAM = U3JHK4U826;
				INFOPLIST_FILE = CoreDataExample/Info.plist;
				LD_RUNPATH_SEARCH_PATHS = (
					"$(inherited)",
					"@executable_path/Frameworks",
				);
				PRODUCT_BUNDLE_IDENTIFIER = YeoCompany.CoreDataExample;
				PRODUCT_NAME = "$(TARGET_NAME)";
				SWIFT_VERSION = 5.0;
				TARGETED_DEVICE_FAMILY = "1,2";
			};
			name = Release;
		};
/* End XCBuildConfiguration section */

/* Begin XCConfigurationList section */
		A262590A275D2E5200448D77 /* Build configuration list for PBXProject "CoreDataExample" */ = {
			isa = XCConfigurationList;
			buildConfigurations = (
				A2625924275D2E5300448D77 /* Debug */,
				A2625925275D2E5300448D77 /* Release */,
			);
			defaultConfigurationIsVisible = 0;
			defaultConfigurationName = Release;
		};
		A2625926275D2E5300448D77 /* Build configuration list for PBXNativeTarget "CoreDataExample" */ = {
			isa = XCConfigurationList;
			buildConfigurations = (
				A2625927275D2E5300448D77 /* Debug */,
				A2625928275D2E5300448D77 /* Release */,
			);
			defaultConfigurationIsVisible = 0;
			defaultConfigurationName = Release;
		};
/* End XCConfigurationList section */

/* Begin XCVersionGroup section */
		A262591B275D2E5200448D77 /* CoreDataExample.xcdatamodeld */ = {
			isa = XCVersionGroup;
			children = (
				A262591C275D2E5200448D77 /* CoreDataExample.xcdatamodel */,
			);
			currentVersion = A262591C275D2E5200448D77 /* CoreDataExample.xcdatamodel */;
			path = CoreDataExample.xcdatamodeld;
			sourceTree = "<group>";
			versionGroupType = wrapper.xcdatamodel;
		};
/* End XCVersionGroup section */
	};
	rootObject = A2625907275D2E5200448D77 /* Project object */;
}
